// !$*UTF8*$!
{
	archiveVersion = 1;
	classes = {
	};
	objectVersion = 56;
	objects = {

/* Begin PBXBuildFile section */
		D389E37C294145CC008EF661 /* AppDelegate.swift in Sources */ = {isa = PBXBuildFile; fileRef = D389E37B294145CC008EF661 /* AppDelegate.swift */; };
		D389E37E294145CC008EF661 /* SceneDelegate.swift in Sources */ = {isa = PBXBuildFile; fileRef = D389E37D294145CC008EF661 /* SceneDelegate.swift */; };
		D389E380294145CC008EF661 /* ViewController.swift in Sources */ = {isa = PBXBuildFile; fileRef = D389E37F294145CC008EF661 /* ViewController.swift */; };
		D389E383294145CC008EF661 /* Main.storyboard in Resources */ = {isa = PBXBuildFile; fileRef = D389E381294145CC008EF661 /* Main.storyboard */; };
		D389E385294145CC008EF661 /* Assets.xcassets in Resources */ = {isa = PBXBuildFile; fileRef = D389E384294145CC008EF661 /* Assets.xcassets */; };
		D389E388294145CC008EF661 /* LaunchScreen.storyboard in Resources */ = {isa = PBXBuildFile; fileRef = D389E386294145CC008EF661 /* LaunchScreen.storyboard */; };
		D389E393294145CC008EF661 /* IpV6CalculatorTests.swift in Sources */ = {isa = PBXBuildFile; fileRef = D389E392294145CC008EF661 /* IpV6CalculatorTests.swift */; };
		D389E39D294145CD008EF661 /* IpV6CalculatorUITests.swift in Sources */ = {isa = PBXBuildFile; fileRef = D389E39C294145CD008EF661 /* IpV6CalculatorUITests.swift */; };
		D389E39F294145CD008EF661 /* IpV6CalculatorUITestsLaunchTests.swift in Sources */ = {isa = PBXBuildFile; fileRef = D389E39E294145CD008EF661 /* IpV6CalculatorUITestsLaunchTests.swift */; };
		D389E3AC29414830008EF661 /* ResultViewController.swift in Sources */ = {isa = PBXBuildFile; fileRef = D389E3AB29414830008EF661 /* ResultViewController.swift */; };
		D389E3AE29415386008EF661 /* ResponseV6Model.swift in Sources */ = {isa = PBXBuildFile; fileRef = D389E3AD29415386008EF661 /* ResponseV6Model.swift */; };
/* End PBXBuildFile section */

/* Begin PBXContainerItemProxy section */
		D389E38F294145CC008EF661 /* PBXContainerItemProxy */ = {
			isa = PBXContainerItemProxy;
			containerPortal = D389E370294145CC008EF661 /* Project object */;
			proxyType = 1;
			remoteGlobalIDString = D389E377294145CC008EF661;
			remoteInfo = IpV6Calculator;
		};
		D389E399294145CD008EF661 /* PBXContainerItemProxy */ = {
			isa = PBXContainerItemProxy;
			containerPortal = D389E370294145CC008EF661 /* Project object */;
			proxyType = 1;
			remoteGlobalIDString = D389E377294145CC008EF661;
			remoteInfo = IpV6Calculator;
		};
/* End PBXContainerItemProxy section */

/* Begin PBXFileReference section */
		D389E378294145CC008EF661 /* IpV6Calculator.app */ = {isa = PBXFileReference; explicitFileType = wrapper.application; includeInIndex = 0; path = IpV6Calculator.app; sourceTree = BUILT_PRODUCTS_DIR; };
		D389E37B294145CC008EF661 /* AppDelegate.swift */ = {isa = PBXFileReference; lastKnownFileType = sourcecode.swift; path = AppDelegate.swift; sourceTree = "<group>"; };
		D389E37D294145CC008EF661 /* SceneDelegate.swift */ = {isa = PBXFileReference; lastKnownFileType = sourcecode.swift; path = SceneDelegate.swift; sourceTree = "<group>"; };
		D389E37F294145CC008EF661 /* ViewController.swift */ = {isa = PBXFileReference; lastKnownFileType = sourcecode.swift; path = ViewController.swift; sourceTree = "<group>"; };
		D389E382294145CC008EF661 /* Base */ = {isa = PBXFileReference; lastKnownFileType = file.storyboard; name = Base; path = Base.lproj/Main.storyboard; sourceTree = "<group>"; };
		D389E384294145CC008EF661 /* Assets.xcassets */ = {isa = PBXFileReference; lastKnownFileType = folder.assetcatalog; path = Assets.xcassets; sourceTree = "<group>"; };
		D389E387294145CC008EF661 /* Base */ = {isa = PBXFileReference; lastKnownFileType = file.storyboard; name = Base; path = Base.lproj/LaunchScreen.storyboard; sourceTree = "<group>"; };
		D389E389294145CC008EF661 /* Info.plist */ = {isa = PBXFileReference; lastKnownFileType = text.plist.xml; path = Info.plist; sourceTree = "<group>"; };
		D389E38E294145CC008EF661 /* IpV6CalculatorTests.xctest */ = {isa = PBXFileReference; explicitFileType = wrapper.cfbundle; includeInIndex = 0; path = IpV6CalculatorTests.xctest; sourceTree = BUILT_PRODUCTS_DIR; };
		D389E392294145CC008EF661 /* IpV6CalculatorTests.swift */ = {isa = PBXFileReference; lastKnownFileType = sourcecode.swift; path = IpV6CalculatorTests.swift; sourceTree = "<group>"; };
		D389E398294145CD008EF661 /* IpV6CalculatorUITests.xctest */ = {isa = PBXFileReference; explicitFileType = wrapper.cfbundle; includeInIndex = 0; path = IpV6CalculatorUITests.xctest; sourceTree = BUILT_PRODUCTS_DIR; };
		D389E39C294145CD008EF661 /* IpV6CalculatorUITests.swift */ = {isa = PBXFileReference; lastKnownFileType = sourcecode.swift; path = IpV6CalculatorUITests.swift; sourceTree = "<group>"; };
		D389E39E294145CD008EF661 /* IpV6CalculatorUITestsLaunchTests.swift */ = {isa = PBXFileReference; lastKnownFileType = sourcecode.swift; path = IpV6CalculatorUITestsLaunchTests.swift; sourceTree = "<group>"; };
		D389E3AB29414830008EF661 /* ResultViewController.swift */ = {isa = PBXFileReference; lastKnownFileType = sourcecode.swift; path = ResultViewController.swift; sourceTree = "<group>"; };
		D389E3AD29415386008EF661 /* ResponseV6Model.swift */ = {isa = PBXFileReference; lastKnownFileType = sourcecode.swift; path = ResponseV6Model.swift; sourceTree = "<group>"; };
/* End PBXFileReference section */

/* Begin PBXFrameworksBuildPhase section */
		D389E375294145CC008EF661 /* Frameworks */ = {
			isa = PBXFrameworksBuildPhase;
			buildActionMask = 2147483647;
			files = (
			);
			runOnlyForDeploymentPostprocessing = 0;
		};
		D389E38B294145CC008EF661 /* Frameworks */ = {
			isa = PBXFrameworksBuildPhase;
			buildActionMask = 2147483647;
			files = (
			);
			runOnlyForDeploymentPostprocessing = 0;
		};
		D389E395294145CD008EF661 /* Frameworks */ = {
			isa = PBXFrameworksBuildPhase;
			buildActionMask = 2147483647;
			files = (
			);
			runOnlyForDeploymentPostprocessing = 0;
		};
/* End PBXFrameworksBuildPhase section */

/* Begin PBXGroup section */
		D389E36F294145CC008EF661 = {
			isa = PBXGroup;
			children = (
				D389E37A294145CC008EF661 /* IpV6Calculator */,
				D389E391294145CC008EF661 /* IpV6CalculatorTests */,
				D389E39B294145CD008EF661 /* IpV6CalculatorUITests */,
				D389E379294145CC008EF661 /* Products */,
			);
			sourceTree = "<group>";
		};
		D389E379294145CC008EF661 /* Products */ = {
			isa = PBXGroup;
			children = (
				D389E378294145CC008EF661 /* IpV6Calculator.app */,
				D389E38E294145CC008EF661 /* IpV6CalculatorTests.xctest */,
				D389E398294145CD008EF661 /* IpV6CalculatorUITests.xctest */,
			);
			name = Products;
			sourceTree = "<group>";
		};
		D389E37A294145CC008EF661 /* IpV6Calculator */ = {
			isa = PBXGroup;
			children = (
				D389E37B294145CC008EF661 /* AppDelegate.swift */,
				D389E37D294145CC008EF661 /* SceneDelegate.swift */,
				D389E37F294145CC008EF661 /* ViewController.swift */,
				D389E381294145CC008EF661 /* Main.storyboard */,
				D389E384294145CC008EF661 /* Assets.xcassets */,
				D389E386294145CC008EF661 /* LaunchScreen.storyboard */,
				D389E389294145CC008EF661 /* Info.plist */,
				D389E3AB29414830008EF661 /* ResultViewController.swift */,
				D389E3AD29415386008EF661 /* ResponseV6Model.swift */,
			);
			path = IpV6Calculator;
			sourceTree = "<group>";
		};
		D389E391294145CC008EF661 /* IpV6CalculatorTests */ = {
			isa = PBXGroup;
			children = (
				D389E392294145CC008EF661 /* IpV6CalculatorTests.swift */,
			);
			path = IpV6CalculatorTests;
			sourceTree = "<group>";
		};
		D389E39B294145CD008EF661 /* IpV6CalculatorUITests */ = {
			isa = PBXGroup;
			children = (
				D389E39C294145CD008EF661 /* IpV6CalculatorUITests.swift */,
				D389E39E294145CD008EF661 /* IpV6CalculatorUITestsLaunchTests.swift */,
			);
			path = IpV6CalculatorUITests;
			sourceTree = "<group>";
		};
/* End PBXGroup section */

/* Begin PBXNativeTarget section */
		D389E377294145CC008EF661 /* IpV6Calculator */ = {
			isa = PBXNativeTarget;
			buildConfigurationList = D389E3A2294145CD008EF661 /* Build configuration list for PBXNativeTarget "IpV6Calculator" */;
			buildPhases = (
				D389E374294145CC008EF661 /* Sources */,
				D389E375294145CC008EF661 /* Frameworks */,
				D389E376294145CC008EF661 /* Resources */,
			);
			buildRules = (
			);
			dependencies = (
			);
			name = IpV6Calculator;
			productName = IpV6Calculator;
			productReference = D389E378294145CC008EF661 /* IpV6Calculator.app */;
			productType = "com.apple.product-type.application";
		};
		D389E38D294145CC008EF661 /* IpV6CalculatorTests */ = {
			isa = PBXNativeTarget;
			buildConfigurationList = D389E3A5294145CD008EF661 /* Build configuration list for PBXNativeTarget "IpV6CalculatorTests" */;
			buildPhases = (
				D389E38A294145CC008EF661 /* Sources */,
				D389E38B294145CC008EF661 /* Frameworks */,
				D389E38C294145CC008EF661 /* Resources */,
			);
			buildRules = (
			);
			dependencies = (
				D389E390294145CC008EF661 /* PBXTargetDependency */,
			);
			name = IpV6CalculatorTests;
			productName = IpV6CalculatorTests;
			productReference = D389E38E294145CC008EF661 /* IpV6CalculatorTests.xctest */;
			productType = "com.apple.product-type.bundle.unit-test";
		};
		D389E397294145CD008EF661 /* IpV6CalculatorUITests */ = {
			isa = PBXNativeTarget;
			buildConfigurationList = D389E3A8294145CD008EF661 /* Build configuration list for PBXNativeTarget "IpV6CalculatorUITests" */;
			buildPhases = (
				D389E394294145CD008EF661 /* Sources */,
				D389E395294145CD008EF661 /* Frameworks */,
				D389E396294145CD008EF661 /* Resources */,
			);
			buildRules = (
			);
			dependencies = (
				D389E39A294145CD008EF661 /* PBXTargetDependency */,
			);
			name = IpV6CalculatorUITests;
			productName = IpV6CalculatorUITests;
			productReference = D389E398294145CD008EF661 /* IpV6CalculatorUITests.xctest */;
			productType = "com.apple.product-type.bundle.ui-testing";
		};
/* End PBXNativeTarget section */

/* Begin PBXProject section */
		D389E370294145CC008EF661 /* Project object */ = {
			isa = PBXProject;
			attributes = {
				BuildIndependentTargetsInParallel = 1;
				LastSwiftUpdateCheck = 1400;
				LastUpgradeCheck = 1400;
				TargetAttributes = {
					D389E377294145CC008EF661 = {
						CreatedOnToolsVersion = 14.0.1;
					};
					D389E38D294145CC008EF661 = {
						CreatedOnToolsVersion = 14.0.1;
						TestTargetID = D389E377294145CC008EF661;
					};
					D389E397294145CD008EF661 = {
						CreatedOnToolsVersion = 14.0.1;
						TestTargetID = D389E377294145CC008EF661;
					};
				};
			};
			buildConfigurationList = D389E373294145CC008EF661 /* Build configuration list for PBXProject "IpV6Calculator" */;
			compatibilityVersion = "Xcode 14.0";
			developmentRegion = en;
			hasScannedForEncodings = 0;
			knownRegions = (
				en,
				Base,
			);
			mainGroup = D389E36F294145CC008EF661;
			productRefGroup = D389E379294145CC008EF661 /* Products */;
			projectDirPath = "";
			projectRoot = "";
			targets = (
				D389E377294145CC008EF661 /* IpV6Calculator */,
				D389E38D294145CC008EF661 /* IpV6CalculatorTests */,
				D389E397294145CD008EF661 /* IpV6CalculatorUITests */,
			);
		};
/* End PBXProject section */

/* Begin PBXResourcesBuildPhase section */
		D389E376294145CC008EF661 /* Resources */ = {
			isa = PBXResourcesBuildPhase;
			buildActionMask = 2147483647;
			files = (
				D389E388294145CC008EF661 /* LaunchScreen.storyboard in Resources */,
				D389E385294145CC008EF661 /* Assets.xcassets in Resources */,
				D389E383294145CC008EF661 /* Main.storyboard in Resources */,
			);
			runOnlyForDeploymentPostprocessing = 0;
		};
		D389E38C294145CC008EF661 /* Resources */ = {
			isa = PBXResourcesBuildPhase;
			buildActionMask = 2147483647;
			files = (
			);
			runOnlyForDeploymentPostprocessing = 0;
		};
		D389E396294145CD008EF661 /* Resources */ = {
			isa = PBXResourcesBuildPhase;
			buildActionMask = 2147483647;
			files = (
			);
			runOnlyForDeploymentPostprocessing = 0;
		};
/* End PBXResourcesBuildPhase section */

/* Begin PBXSourcesBuildPhase section */
		D389E374294145CC008EF661 /* Sources */ = {
			isa = PBXSourcesBuildPhase;
			buildActionMask = 2147483647;
			files = (
				D389E380294145CC008EF661 /* ViewController.swift in Sources */,
				D389E37C294145CC008EF661 /* AppDelegate.swift in Sources */,
				D389E3AE29415386008EF661 /* ResponseV6Model.swift in Sources */,
				D389E37E294145CC008EF661 /* SceneDelegate.swift in Sources */,
				D389E3AC29414830008EF661 /* ResultViewController.swift in Sources */,
			);
			runOnlyForDeploymentPostprocessing = 0;
		};
		D389E38A294145CC008EF661 /* Sources */ = {
			isa = PBXSourcesBuildPhase;
			buildActionMask = 2147483647;
			files = (
				D389E393294145CC008EF661 /* IpV6CalculatorTests.swift in Sources */,
			);
			runOnlyForDeploymentPostprocessing = 0;
		};
		D389E394294145CD008EF661 /* Sources */ = {
			isa = PBXSourcesBuildPhase;
			buildActionMask = 2147483647;
			files = (
				D389E39D294145CD008EF661 /* IpV6CalculatorUITests.swift in Sources */,
				D389E39F294145CD008EF661 /* IpV6CalculatorUITestsLaunchTests.swift in Sources */,
			);
			runOnlyForDeploymentPostprocessing = 0;
		};
/* End PBXSourcesBuildPhase section */

/* Begin PBXTargetDependency section */
		D389E390294145CC008EF661 /* PBXTargetDependency */ = {
			isa = PBXTargetDependency;
			target = D389E377294145CC008EF661 /* IpV6Calculator */;
			targetProxy = D389E38F294145CC008EF661 /* PBXContainerItemProxy */;
		};
		D389E39A294145CD008EF661 /* PBXTargetDependency */ = {
			isa = PBXTargetDependency;
			target = D389E377294145CC008EF661 /* IpV6Calculator */;
			targetProxy = D389E399294145CD008EF661 /* PBXContainerItemProxy */;
		};
/* End PBXTargetDependency section */

/* Begin PBXVariantGroup section */
		D389E381294145CC008EF661 /* Main.storyboard */ = {
			isa = PBXVariantGroup;
			children = (
				D389E382294145CC008EF661 /* Base */,
			);
			name = Main.storyboard;
			sourceTree = "<group>";
		};
		D389E386294145CC008EF661 /* LaunchScreen.storyboard */ = {
			isa = PBXVariantGroup;
			children = (
				D389E387294145CC008EF661 /* Base */,
			);
			name = LaunchScreen.storyboard;
			sourceTree = "<group>";
		};
/* End PBXVariantGroup section */

/* Begin XCBuildConfiguration section */
		D389E3A0294145CD008EF661 /* Debug */ = {
			isa = XCBuildConfiguration;
			buildSettings = {
				ALWAYS_SEARCH_USER_PATHS = NO;
				CLANG_ANALYZER_NONNULL = YES;
				CLANG_ANALYZER_NUMBER_OBJECT_CONVERSION = YES_AGGRESSIVE;
				CLANG_CXX_LANGUAGE_STANDARD = "gnu++20";
				CLANG_ENABLE_MODULES = YES;
				CLANG_ENABLE_OBJC_ARC = YES;
				CLANG_ENABLE_OBJC_WEAK = YES;
				CLANG_WARN_BLOCK_CAPTURE_AUTORELEASING = YES;
				CLANG_WARN_BOOL_CONVERSION = YES;
				CLANG_WARN_COMMA = YES;
				CLANG_WARN_CONSTANT_CONVERSION = YES;
				CLANG_WARN_DEPRECATED_OBJC_IMPLEMENTATIONS = YES;
				CLANG_WARN_DIRECT_OBJC_ISA_USAGE = YES_ERROR;
				CLANG_WARN_DOCUMENTATION_COMMENTS = YES;
				CLANG_WARN_EMPTY_BODY = YES;
				CLANG_WARN_ENUM_CONVERSION = YES;
				CLANG_WARN_INFINITE_RECURSION = YES;
				CLANG_WARN_INT_CONVERSION = YES;
				CLANG_WARN_NON_LITERAL_NULL_CONVERSION = YES;
				CLANG_WARN_OBJC_IMPLICIT_RETAIN_SELF = YES;
				CLANG_WARN_OBJC_LITERAL_CONVERSION = YES;
				CLANG_WARN_OBJC_ROOT_CLASS = YES_ERROR;
				CLANG_WARN_QUOTED_INCLUDE_IN_FRAMEWORK_HEADER = YES;
				CLANG_WARN_RANGE_LOOP_ANALYSIS = YES;
				CLANG_WARN_STRICT_PROTOTYPES = YES;
				CLANG_WARN_SUSPICIOUS_MOVE = YES;
				CLANG_WARN_UNGUARDED_AVAILABILITY = YES_AGGRESSIVE;
				CLANG_WARN_UNREACHABLE_CODE = YES;
				CLANG_WARN__DUPLICATE_METHOD_MATCH = YES;
				COPY_PHASE_STRIP = NO;
				DEBUG_INFORMATION_FORMAT = dwarf;
				ENABLE_STRICT_OBJC_MSGSEND = YES;
				ENABLE_TESTABILITY = YES;
				GCC_C_LANGUAGE_STANDARD = gnu11;
				GCC_DYNAMIC_NO_PIC = NO;
				GCC_NO_COMMON_BLOCKS = YES;
				GCC_OPTIMIZATION_LEVEL = 0;
				GCC_PREPROCESSOR_DEFINITIONS = (
					"DEBUG=1",
					"$(inherited)",
				);
				GCC_WARN_64_TO_32_BIT_CONVERSION = YES;
				GCC_WARN_ABOUT_RETURN_TYPE = YES_ERROR;
				GCC_WARN_UNDECLARED_SELECTOR = YES;
				GCC_WARN_UNINITIALIZED_AUTOS = YES_AGGRESSIVE;
				GCC_WARN_UNUSED_FUNCTION = YES;
				GCC_WARN_UNUSED_VARIABLE = YES;
				IPHONEOS_DEPLOYMENT_TARGET = 16.0;
				MTL_ENABLE_DEBUG_INFO = INCLUDE_SOURCE;
				MTL_FAST_MATH = YES;
				ONLY_ACTIVE_ARCH = YES;
				SDKROOT = iphoneos;
				SWIFT_ACTIVE_COMPILATION_CONDITIONS = DEBUG;
				SWIFT_OPTIMIZATION_LEVEL = "-Onone";
			};
			name = Debug;
		};
		D389E3A1294145CD008EF661 /* Release */ = {
			isa = XCBuildConfiguration;
			buildSettings = {
				ALWAYS_SEARCH_USER_PATHS = NO;
				CLANG_ANALYZER_NONNULL = YES;
				CLANG_ANALYZER_NUMBER_OBJECT_CONVERSION = YES_AGGRESSIVE;
				CLANG_CXX_LANGUAGE_STANDARD = "gnu++20";
				CLANG_ENABLE_MODULES = YES;
				CLANG_ENABLE_OBJC_ARC = YES;
				CLANG_ENABLE_OBJC_WEAK = YES;
				CLANG_WARN_BLOCK_CAPTURE_AUTORELEASING = YES;
				CLANG_WARN_BOOL_CONVERSION = YES;
				CLANG_WARN_COMMA = YES;
				CLANG_WARN_CONSTANT_CONVERSION = YES;
				CLANG_WARN_DEPRECATED_OBJC_IMPLEMENTATIONS = YES;
				CLANG_WARN_DIRECT_OBJC_ISA_USAGE = YES_ERROR;
				CLANG_WARN_DOCUMENTATION_COMMENTS = YES;
				CLANG_WARN_EMPTY_BODY = YES;
				CLANG_WARN_ENUM_CONVERSION = YES;
				CLANG_WARN_INFINITE_RECURSION = YES;
				CLANG_WARN_INT_CONVERSION = YES;
				CLANG_WARN_NON_LITERAL_NULL_CONVERSION = YES;
				CLANG_WARN_OBJC_IMPLICIT_RETAIN_SELF = YES;
				CLANG_WARN_OBJC_LITERAL_CONVERSION = YES;
				CLANG_WARN_OBJC_ROOT_CLASS = YES_ERROR;
				CLANG_WARN_QUOTED_INCLUDE_IN_FRAMEWORK_HEADER = YES;
				CLANG_WARN_RANGE_LOOP_ANALYSIS = YES;
				CLANG_WARN_STRICT_PROTOTYPES = YES;
				CLANG_WARN_SUSPICIOUS_MOVE = YES;
				CLANG_WARN_UNGUARDED_AVAILABILITY = YES_AGGRESSIVE;
				CLANG_WARN_UNREACHABLE_CODE = YES;
				CLANG_WARN__DUPLICATE_METHOD_MATCH = YES;
				COPY_PHASE_STRIP = NO;
				DEBUG_INFORMATION_FORMAT = "dwarf-with-dsym";
				ENABLE_NS_ASSERTIONS = NO;
				ENABLE_STRICT_OBJC_MSGSEND = YES;
				GCC_C_LANGUAGE_STANDARD = gnu11;
				GCC_NO_COMMON_BLOCKS = YES;
				GCC_WARN_64_TO_32_BIT_CONVERSION = YES;
				GCC_WARN_ABOUT_RETURN_TYPE = YES_ERROR;
				GCC_WARN_UNDECLARED_SELECTOR = YES;
				GCC_WARN_UNINITIALIZED_AUTOS = YES_AGGRESSIVE;
				GCC_WARN_UNUSED_FUNCTION = YES;
				GCC_WARN_UNUSED_VARIABLE = YES;
				IPHONEOS_DEPLOYMENT_TARGET = 16.0;
				MTL_ENABLE_DEBUG_INFO = NO;
				MTL_FAST_MATH = YES;
				SDKROOT = iphoneos;
				SWIFT_COMPILATION_MODE = wholemodule;
				SWIFT_OPTIMIZATION_LEVEL = "-O";
				VALIDATE_PRODUCT = YES;
			};
			name = Release;
		};
		D389E3A3294145CD008EF661 /* Debug */ = {
			isa = XCBuildConfiguration;
			buildSettings = {
				ASSETCATALOG_COMPILER_APPICON_NAME = AppIcon;
				ASSETCATALOG_COMPILER_GLOBAL_ACCENT_COLOR_NAME = AccentColor;
				CODE_SIGN_STYLE = Automatic;
				CURRENT_PROJECT_VERSION = 1;
				GENERATE_INFOPLIST_FILE = YES;
				INFOPLIST_FILE = IpV6Calculator/Info.plist;
				INFOPLIST_KEY_UIApplicationSupportsIndirectInputEvents = YES;
				INFOPLIST_KEY_UILaunchStoryboardName = LaunchScreen;
				INFOPLIST_KEY_UIMainStoryboardFile = Main;
				INFOPLIST_KEY_UISupportedInterfaceOrientations_iPad = "UIInterfaceOrientationPortrait UIInterfaceOrientationPortraitUpsideDown UIInterfaceOrientationLandscapeLeft UIInterfaceOrientationLandscapeRight";
				INFOPLIST_KEY_UISupportedInterfaceOrientations_iPhone = "UIInterfaceOrientationPortrait UIInterfaceOrientationLandscapeLeft UIInterfaceOrientationLandscapeRight";
				LD_RUNPATH_SEARCH_PATHS = (
					"$(inherited)",
					"@executable_path/Frameworks",
				);
				MARKETING_VERSION = 1.0;
				PRODUCT_BUNDLE_IDENTIFIER = com.mercan.IpV6Calculator;
				PRODUCT_NAME = "$(TARGET_NAME)";
				SWIFT_EMIT_LOC_STRINGS = YES;
				SWIFT_VERSION = 5.0;
				TARGETED_DEVICE_FAMILY = "1,2";
			};
			name = Debug;
		};
		D389E3A4294145CD008EF661 /* Release */ = {
			isa = XCBuildConfiguration;
			buildSettings = {
				ASSETCATALOG_COMPILER_APPICON_NAME = AppIcon;
				ASSETCATALOG_COMPILER_GLOBAL_ACCENT_COLOR_NAME = AccentColor;
				CODE_SIGN_STYLE = Automatic;
				CURRENT_PROJECT_VERSION = 1;
				GENERATE_INFOPLIST_FILE = YES;
				INFOPLIST_FILE = IpV6Calculator/Info.plist;
				INFOPLIST_KEY_UIApplicationSupportsIndirectInputEvents = YES;
				INFOPLIST_KEY_UILaunchStoryboardName = LaunchScreen;
				INFOPLIST_KEY_UIMainStoryboardFile = Main;
				INFOPLIST_KEY_UISupportedInterfaceOrientations_iPad = "UIInterfaceOrientationPortrait UIInterfaceOrientationPortraitUpsideDown UIInterfaceOrientationLandscapeLeft UIInterfaceOrientationLandscapeRight";
				INFOPLIST_KEY_UISupportedInterfaceOrientations_iPhone = "UIInterfaceOrientationPortrait UIInterfaceOrientationLandscapeLeft UIInterfaceOrientationLandscapeRight";
				LD_RUNPATH_SEARCH_PATHS = (
					"$(inherited)",
					"@executable_path/Frameworks",
				);
				MARKETING_VERSION = 1.0;
				PRODUCT_BUNDLE_IDENTIFIER = com.mercan.IpV6Calculator;
				PRODUCT_NAME = "$(TARGET_NAME)";
				SWIFT_EMIT_LOC_STRINGS = YES;
				SWIFT_VERSION = 5.0;
				TARGETED_DEVICE_FAMILY = "1,2";
			};
			name = Release;
		};
		D389E3A6294145CD008EF661 /* Debug */ = {
			isa = XCBuildConfiguration;
			buildSettings = {
				ALWAYS_EMBED_SWIFT_STANDARD_LIBRARIES = YES;
				BUNDLE_LOADER = "$(TEST_HOST)";
				CODE_SIGN_STYLE = Automatic;
				CURRENT_PROJECT_VERSION = 1;
				GENERATE_INFOPLIST_FILE = YES;
				IPHONEOS_DEPLOYMENT_TARGET = 16.0;
				MARKETING_VERSION = 1.0;
				PRODUCT_BUNDLE_IDENTIFIER = com.mercan.IpV6CalculatorTests;
				PRODUCT_NAME = "$(TARGET_NAME)";
				SWIFT_EMIT_LOC_STRINGS = NO;
				SWIFT_VERSION = 5.0;
				TARGETED_DEVICE_FAMILY = "1,2";
				TEST_HOST = "$(BUILT_PRODUCTS_DIR)/IpV6Calculator.app/$(BUNDLE_EXECUTABLE_FOLDER_PATH)/IpV6Calculator";
			};
			name = Debug;
		};
		D389E3A7294145CD008EF661 /* Release */ = {
			isa = XCBuildConfiguration;
			buildSettings = {
				ALWAYS_EMBED_SWIFT_STANDARD_LIBRARIES = YES;
				BUNDLE_LOADER = "$(TEST_HOST)";
				CODE_SIGN_STYLE = Automatic;
				CURRENT_PROJECT_VERSION = 1;
				GENERATE_INFOPLIST_FILE = YES;
				IPHONEOS_DEPLOYMENT_TARGET = 16.0;
				MARKETING_VERSION = 1.0;
				PRODUCT_BUNDLE_IDENTIFIER = com.mercan.IpV6CalculatorTests;
				PRODUCT_NAME = "$(TARGET_NAME)";
				SWIFT_EMIT_LOC_STRINGS = NO;
				SWIFT_VERSION = 5.0;
				TARGETED_DEVICE_FAMILY = "1,2";
				TEST_HOST = "$(BUILT_PRODUCTS_DIR)/IpV6Calculator.app/$(BUNDLE_EXECUTABLE_FOLDER_PATH)/IpV6Calculator";
			};
			name = Release;
		};
		D389E3A9294145CD008EF661 /* Debug */ = {
			isa = XCBuildConfiguration;
			buildSettings = {
				ALWAYS_EMBED_SWIFT_STANDARD_LIBRARIES = YES;
				CODE_SIGN_STYLE = Automatic;
				CURRENT_PROJECT_VERSION = 1;
				GENERATE_INFOPLIST_FILE = YES;
				MARKETING_VERSION = 1.0;
				PRODUCT_BUNDLE_IDENTIFIER = com.mercan.IpV6CalculatorUITests;
				PRODUCT_NAME = "$(TARGET_NAME)";
				SWIFT_EMIT_LOC_STRINGS = NO;
				SWIFT_VERSION = 5.0;
				TARGETED_DEVICE_FAMILY = "1,2";
				TEST_TARGET_NAME = IpV6Calculator;
			};
			name = Debug;
		};
		D389E3AA294145CD008EF661 /* Release */ = {
			isa = XCBuildConfiguration;
			buildSettings = {
				ALWAYS_EMBED_SWIFT_STANDARD_LIBRARIES = YES;
				CODE_SIGN_STYLE = Automatic;
				CURRENT_PROJECT_VERSION = 1;
				GENERATE_INFOPLIST_FILE = YES;
				MARKETING_VERSION = 1.0;
				PRODUCT_BUNDLE_IDENTIFIER = com.mercan.IpV6CalculatorUITests;
				PRODUCT_NAME = "$(TARGET_NAME)";
				SWIFT_EMIT_LOC_STRINGS = NO;
				SWIFT_VERSION = 5.0;
				TARGETED_DEVICE_FAMILY = "1,2";
				TEST_TARGET_NAME = IpV6Calculator;
			};
			name = Release;
		};
/* End XCBuildConfiguration section */

/* Begin XCConfigurationList section */
		D389E373294145CC008EF661 /* Build configuration list for PBXProject "IpV6Calculator" */ = {
			isa = XCConfigurationList;
			buildConfigurations = (
				D389E3A0294145CD008EF661 /* Debug */,
				D389E3A1294145CD008EF661 /* Release */,
			);
			defaultConfigurationIsVisible = 0;
			defaultConfigurationName = Release;
		};
		D389E3A2294145CD008EF661 /* Build configuration list for PBXNativeTarget "IpV6Calculator" */ = {
			isa = XCConfigurationList;
			buildConfigurations = (
				D389E3A3294145CD008EF661 /* Debug */,
				D389E3A4294145CD008EF661 /* Release */,
			);
			defaultConfigurationIsVisible = 0;
			defaultConfigurationName = Release;
		};
		D389E3A5294145CD008EF661 /* Build configuration list for PBXNativeTarget "IpV6CalculatorTests" */ = {
			isa = XCConfigurationList;
			buildConfigurations = (
				D389E3A6294145CD008EF661 /* Debug */,
				D389E3A7294145CD008EF661 /* Release */,
			);
			defaultConfigurationIsVisible = 0;
			defaultConfigurationName = Release;
		};
		D389E3A8294145CD008EF661 /* Build configuration list for PBXNativeTarget "IpV6CalculatorUITests" */ = {
			isa = XCConfigurationList;
			buildConfigurations = (
				D389E3A9294145CD008EF661 /* Debug */,
				D389E3AA294145CD008EF661 /* Release */,
			);
			defaultConfigurationIsVisible = 0;
			defaultConfigurationName = Release;
		};
/* End XCConfigurationList section */
	};
	rootObject = D389E370294145CC008EF661 /* Project object */;
}
